
Microsoft Visual Studio Solution File, Format Version 12.00
# Visual Studio Version 17
VisualStudioVersion = 17.11.35208.52
MinimumVisualStudioVersion = 10.0.40219.1
Project("{FAE04EC0-301F-11D3-BF4B-00C04F79EFBC}") = "HitcoForm", "HitcoForm\HitcoForm.csproj", "{20979D2A-4599-4E9A-BD4F-D753AF9AA097}"
EndProject
Global
	GlobalSection(SolutionConfigurationPlatforms) = preSolution
		Debug|Any CPU = Debug|Any CPU
		Release|Any CPU = Release|Any CPU
	EndGlobalSection
	GlobalSection(ProjectConfigurationPlatforms) = postSolution
		{20979D2A-4599-4E9A-BD4F-D753AF9AA097}.Debug|Any CPU.ActiveCfg = Debug|Any CPU
		{20979D2A-4599-4E9A-BD4F-D753AF9AA097}.Debug|Any CPU.Build.0 = Debug|Any CPU
		{20979D2A-4599-4E9A-BD4F-D753AF9AA097}.Release|Any CPU.ActiveCfg = Release|Any CPU
		{20979D2A-4599-4E9A-BD4F-D753AF9AA097}.Release|Any CPU.Build.0 = Release|Any CPU
	EndGlobalSection
	GlobalSection(SolutionProperties) = preSolution
		HideSolutionNode = FALSE
	EndGlobalSection
	GlobalSection(ExtensibilityGlobals) = postSolution
		SolutionGuid = {43E56B62-6260-48C5-B23F-B11F95289AAB}
	EndGlobalSection
EndGlobal
